// !$*UTF8*$!
{
	archiveVersion = 1;
	classes = {
	};
	objectVersion = 46;
	objects = {

/* Begin PBXBuildFile section */
		87BDA0331CA6F74E00CE435E /* AppDelegate.swift in Sources */ = {isa = PBXBuildFile; fileRef = 87BDA0321CA6F74E00CE435E /* AppDelegate.swift */; };
		87BDA0351CA6F74E00CE435E /* ViewController.swift in Sources */ = {isa = PBXBuildFile; fileRef = 87BDA0341CA6F74E00CE435E /* ViewController.swift */; };
		87BDA0381CA6F74E00CE435E /* Main.storyboard in Resources */ = {isa = PBXBuildFile; fileRef = 87BDA0361CA6F74E00CE435E /* Main.storyboard */; };
		87BDA03A1CA6F74E00CE435E /* Assets.xcassets in Resources */ = {isa = PBXBuildFile; fileRef = 87BDA0391CA6F74E00CE435E /* Assets.xcassets */; };
/* End PBXBuildFile section */

/* Begin PBXFileReference section */
		87BDA02F1CA6F74E00CE435E /* DESIGN.app */ = {isa = PBXFileReference; explicitFileType = wrapper.application; includeInIndex = 0; path = DESIGN.app; sourceTree = BUILT_PRODUCTS_DIR; };
		87BDA0321CA6F74E00CE435E /* AppDelegate.swift */ = {isa = PBXFileReference; lastKnownFileType = sourcecode.swift; path = AppDelegate.swift; sourceTree = "<group>"; };
		87BDA0341CA6F74E00CE435E /* ViewController.swift */ = {isa = PBXFileReference; lastKnownFileType = sourcecode.swift; path = ViewController.swift; sourceTree = "<group>"; };
		87BDA0371CA6F74E00CE435E /* Base */ = {isa = PBXFileReference; lastKnownFileType = file.storyboard; name = Base; path = Base.lproj/Main.storyboard; sourceTree = "<group>"; };
		87BDA0391CA6F74E00CE435E /* Assets.xcassets */ = {isa = PBXFileReference; lastKnownFileType = folder.assetcatalog; path = Assets.xcassets; sourceTree = "<group>"; };
		87BDA03B1CA6F74E00CE435E /* Info.plist */ = {isa = PBXFileReference; lastKnownFileType = text.plist.xml; path = Info.plist; sourceTree = "<group>"; };
/* End PBXFileReference section */

/* Begin PBXFrameworksBuildPhase section */
		87BDA02C1CA6F74E00CE435E /* Frameworks */ = {
			isa = PBXFrameworksBuildPhase;
			buildActionMask = 2147483647;
			files = (
			);
			runOnlyForDeploymentPostprocessing = 0;
		};
/* End PBXFrameworksBuildPhase section */

/* Begin PBXGroup section */
		87BDA0261CA6F74E00CE435E = {
			isa = PBXGroup;
			children = (
				87BDA0311CA6F74E00CE435E /* DESIGN */,
				87BDA0301CA6F74E00CE435E /* Products */,
			);
			sourceTree = "<group>";
		};
		87BDA0301CA6F74E00CE435E /* Products */ = {
			isa = PBXGroup;
			children = (
				87BDA02F1CA6F74E00CE435E /* DESIGN.app */,
			);
			name = Products;
			sourceTree = "<group>";
		};
		87BDA0311CA6F74E00CE435E /* DESIGN */ = {
			isa = PBXGroup;
			children = (
				87BDA0321CA6F74E00CE435E /* AppDelegate.swift */,
				87BDA0341CA6F74E00CE435E /* ViewController.swift */,
				87BDA0361CA6F74E00CE435E /* Main.storyboard */,
				87BDA0391CA6F74E00CE435E /* Assets.xcassets */,
				87BDA03B1CA6F74E00CE435E /* Info.plist */,
			);
			path = DESIGN;
			sourceTree = "<group>";
		};
/* End PBXGroup section */

/* Begin PBXNativeTarget section */
		87BDA02E1CA6F74E00CE435E /* DESIGN */ = {
			isa = PBXNativeTarget;
			buildConfigurationList = 87BDA03E1CA6F74E00CE435E /* Build configuration list for PBXNativeTarget "DESIGN" */;
			buildPhases = (
				87BDA02B1CA6F74E00CE435E /* Sources */,
				87BDA02C1CA6F74E00CE435E /* Frameworks */,
				87BDA02D1CA6F74E00CE435E /* Resources */,
			);
			buildRules = (
			);
			dependencies = (
			);
			name = DESIGN;
			productName = DESIGN;
			productReference = 87BDA02F1CA6F74E00CE435E /* DESIGN.app */;
			productType = "com.apple.product-type.application";
		};
/* End PBXNativeTarget section */

/* Begin PBXProject section */
		87BDA0271CA6F74E00CE435E /* Project object */ = {
			isa = PBXProject;
			attributes = {
				LastSwiftUpdateCheck = 0720;
				LastUpgradeCheck = 0720;
				ORGANIZATIONNAME = "Sai Krishna";
				TargetAttributes = {
					87BDA02E1CA6F74E00CE435E = {
						CreatedOnToolsVersion = 7.2.1;
					};
				};
			};
			buildConfigurationList = 87BDA02A1CA6F74E00CE435E /* Build configuration list for PBXProject "DESIGN" */;
			compatibilityVersion = "Xcode 3.2";
			developmentRegion = English;
			hasScannedForEncodings = 0;
			knownRegions = (
				en,
				Base,
			);
			mainGroup = 87BDA0261CA6F74E00CE435E;
			productRefGroup = 87BDA0301CA6F74E00CE435E /* Products */;
			projectDirPath = "";
			projectRoot = "";
			targets = (
				87BDA02E1CA6F74E00CE435E /* DESIGN */,
			);
		};
/* End PBXProject section */

/* Begin PBXResourcesBuildPhase section */
		87BDA02D1CA6F74E00CE435E /* Resources */ = {
			isa = PBXResourcesBuildPhase;
			buildActionMask = 2147483647;
			files = (
				87BDA03A1CA6F74E00CE435E /* Assets.xcassets in Resources */,
				87BDA0381CA6F74E00CE435E /* Main.storyboard in Resources */,
			);
			runOnlyForDeploymentPostprocessing = 0;
		};
/* End PBXResourcesBuildPhase section */

/* Begin PBXSourcesBuildPhase section */
		87BDA02B1CA6F74E00CE435E /* Sources */ = {
			isa = PBXSourcesBuildPhase;
			buildActionMask = 2147483647;
			files = (
				87BDA0351CA6F74E00CE435E /* ViewController.swift in Sources */,
				87BDA0331CA6F74E00CE435E /* AppDelegate.swift in Sources */,
			);
			runOnlyForDeploymentPostprocessing = 0;
		};
/* End PBXSourcesBuildPhase section */

/* Begin PBXVariantGroup section */
		87BDA0361CA6F74E00CE435E /* Main.storyboard */ = {
			isa = PBXVariantGroup;
			children = (
				87BDA0371CA6F74E00CE435E /* Base */,
			);
			name = Main.storyboard;
			sourceTree = "<group>";
		};
/* End PBXVariantGroup section */

/* Begin XCBuildConfiguration section */
		87BDA03C1CA6F74E00CE435E /* Debug */ = {
			isa = XCBuildConfiguration;
			buildSettings = {
				ALWAYS_SEARCH_USER_PATHS = NO;
				CLANG_CXX_LANGUAGE_STANDARD = "gnu++0x";
				CLANG_CXX_LIBRARY = "libc++";
				CLANG_ENABLE_MODULES = YES;
				CLANG_ENABLE_OBJC_ARC = YES;
				CLANG_WARN_BOOL_CONVERSION = YES;
				CLANG_WARN_CONSTANT_CONVERSION = YES;
				CLANG_WARN_DIRECT_OBJC_ISA_USAGE = YES_ERROR;
				CLANG_WARN_EMPTY_BODY = YES;
				CLANG_WARN_ENUM_CONVERSION = YES;
				CLANG_WARN_INT_CONVERSION = YES;
				CLANG_WARN_OBJC_ROOT_CLASS = YES_ERROR;
				CLANG_WARN_UNREACHABLE_CODE = YES;
				CLANG_WARN__DUPLICATE_METHOD_MATCH = YES;
				COPY_PHASE_STRIP = NO;
				DEBUG_INFORMATION_FORMAT = dwarf;
				ENABLE_STRICT_OBJC_MSGSEND = YES;
				ENABLE_TESTABILITY = YES;
				GCC_C_LANGUAGE_STANDARD = gnu99;
				GCC_DYNAMIC_NO_PIC = NO;
				GCC_NO_COMMON_BLOCKS = YES;
				GCC_OPTIMIZATION_LEVEL = 0;
				GCC_PREPROCESSOR_DEFINITIONS = (
					"DEBUG=1",
					"$(inherited)",
				);
				GCC_WARN_64_TO_32_BIT_CONVERSION = YES;
				GCC_WARN_ABOUT_RETURN_TYPE = YES_ERROR;
				GCC_WARN_UNDECLARED_SELECTOR = YES;
				GCC_WARN_UNINITIALIZED_AUTOS = YES_AGGRESSIVE;
				GCC_WARN_UNUSED_FUNCTION = YES;
				GCC_WARN_UNUSED_VARIABLE = YES;
				MTL_ENABLE_DEBUG_INFO = YES;
				ONLY_ACTIVE_ARCH = YES;
				SDKROOT = appletvos;
				SWIFT_OPTIMIZATION_LEVEL = "-Onone";
				TARGETED_DEVICE_FAMILY = 3;
				TVOS_DEPLOYMENT_TARGET = 9.1;
			};
			name = Debug;
		};
		87BDA03D1CA6F74E00CE435E /* Release */ = {
			isa = XCBuildConfiguration;
			buildSettings = {
				ALWAYS_SEARCH_USER_PATHS = NO;
				CLANG_CXX_LANGUAGE_STANDARD = "gnu++0x";
				CLANG_CXX_LIBRARY = "libc++";
				CLANG_ENABLE_MODULES = YES;
				CLANG_ENABLE_OBJC_ARC = YES;
				CLANG_WARN_BOOL_CONVERSION = YES;
				CLANG_WARN_CONSTANT_CONVERSION = YES;
				CLANG_WARN_DIRECT_OBJC_ISA_USAGE = YES_ERROR;
				CLANG_WARN_EMPTY_BODY = YES;
				CLANG_WARN_ENUM_CONVERSION = YES;
				CLANG_WARN_INT_CONVERSION = YES;
				CLANG_WARN_OBJC_ROOT_CLASS = YES_ERROR;
				CLANG_WARN_UNREACHABLE_CODE = YES;
				CLANG_WARN__DUPLICATE_METHOD_MATCH = YES;
				COPY_PHASE_STRIP = NO;
				DEBUG_INFORMATION_FORMAT = "dwarf-with-dsym";
				ENABLE_NS_ASSERTIONS = NO;
				ENABLE_STRICT_OBJC_MSGSEND = YES;
				GCC_C_LANGUAGE_STANDARD = gnu99;
				GCC_NO_COMMON_BLOCKS = YES;
				GCC_WARN_64_TO_32_BIT_CONVERSION = YES;
				GCC_WARN_ABOUT_RETURN_TYPE = YES_ERROR;
				GCC_WARN_UNDECLARED_SELECTOR = YES;
				GCC_WARN_UNINITIALIZED_AUTOS = YES_AGGRESSIVE;
				GCC_WARN_UNUSED_FUNCTION = YES;
				GCC_WARN_UNUSED_VARIABLE = YES;
				MTL_ENABLE_DEBUG_INFO = NO;
				SDKROOT = appletvos;
				TARGETED_DEVICE_FAMILY = 3;
				TVOS_DEPLOYMENT_TARGET = 9.1;
				VALIDATE_PRODUCT = YES;
			};
			name = Release;
		};
		87BDA03F1CA6F74E00CE435E /* Debug */ = {
			isa = XCBuildConfiguration;
			buildSettings = {
				ASSETCATALOG_COMPILER_APPICON_NAME = "App Icon & Top Shelf Image";
				ASSETCATALOG_COMPILER_LAUNCHIMAGE_NAME = LaunchImage;
				INFOPLIST_FILE = DESIGN/Info.plist;
				LD_RUNPATH_SEARCH_PATHS = "$(inherited) @executable_path/Frameworks";
				PRODUCT_BUNDLE_IDENTIFIER = "Sai-Krishna.DESIGN";
				PRODUCT_NAME = "$(TARGET_NAME)";
			};
			name = Debug;
		};
		87BDA0401CA6F74E00CE435E /* Release */ = {
			isa = XCBuildConfiguration;
			buildSettings = {
				ASSETCATALOG_COMPILER_APPICON_NAME = "App Icon & Top Shelf Image";
				ASSETCATALOG_COMPILER_LAUNCHIMAGE_NAME = LaunchImage;
				INFOPLIST_FILE = DESIGN/Info.plist;
				LD_RUNPATH_SEARCH_PATHS = "$(inherited) @executable_path/Frameworks";
				PRODUCT_BUNDLE_IDENTIFIER = "Sai-Krishna.DESIGN";
				PRODUCT_NAME = "$(TARGET_NAME)";
			};
			name = Release;
		};
/* End XCBuildConfiguration section */

/* Begin XCConfigurationList section */
		87BDA02A1CA6F74E00CE435E /* Build configuration list for PBXProject "DESIGN" */ = {
			isa = XCConfigurationList;
			buildConfigurations = (
				87BDA03C1CA6F74E00CE435E /* Debug */,
				87BDA03D1CA6F74E00CE435E /* Release */,
			);
			defaultConfigurationIsVisible = 0;
			defaultConfigurationName = Release;
		};
		87BDA03E1CA6F74E00CE435E /* Build configuration list for PBXNativeTarget "DESIGN" */ = {
			isa = XCConfigurationList;
			buildConfigurations = (
				87BDA03F1CA6F74E00CE435E /* Debug */,
				87BDA0401CA6F74E00CE435E /* Release */,
			);
			defaultConfigurationIsVisible = 0;
		};
/* End XCConfigurationList section */
	};
	rootObject = 87BDA0271CA6F74E00CE435E /* Project object */;
}
